
Microsoft Visual Studio Solution File, Format Version 12.00
# Visual Studio 15
Project("{FAE04EC0-301F-11D3-BF4B-00C04F79EFBC}") = "Assembly-CSharp-Editor", "Assembly-CSharp-Editor.csproj", "{17111076-10B6-052C-239D-E381E6F9699D}"
EndProject
Global
	GlobalSection(SolutionConfigurationPlatforms) = preSolution
		Debug|Any CPU = Debug|Any CPU
		Release|Any CPU = Release|Any CPU
	EndGlobalSection
	GlobalSection(ProjectConfigurationPlatforms) = postSolution
		{17111076-10B6-052C-239D-E381E6F9699D}.Debug|Any CPU.ActiveCfg = Debug|Any CPU
		{17111076-10B6-052C-239D-E381E6F9699D}.Debug|Any CPU.Build.0 = Debug|Any CPU
		{17111076-10B6-052C-239D-E381E6F9699D}.Release|Any CPU.ActiveCfg = Release|Any CPU
		{17111076-10B6-052C-239D-E381E6F9699D}.Release|Any CPU.Build.0 = Release|Any CPU
	EndGlobalSection
	GlobalSection(SolutionProperties) = preSolution
		HideSolutionNode = FALSE
	EndGlobalSection
EndGlobal
